// !$*UTF8*$!
{
	archiveVersion = 1;
	classes = {
	};
	objectVersion = 46;
	objects = {

/* Begin PBXBuildFile section */
		26E2AE971D624429009DC24F /* AppDelegate.swift in Sources */ = {isa = PBXBuildFile; fileRef = 26E2AE961D624429009DC24F /* AppDelegate.swift */; };
		26E2AE991D624429009DC24F /* ViewController.swift in Sources */ = {isa = PBXBuildFile; fileRef = 26E2AE981D624429009DC24F /* ViewController.swift */; };
		26E2AE9C1D624429009DC24F /* Main.storyboard in Resources */ = {isa = PBXBuildFile; fileRef = 26E2AE9A1D624429009DC24F /* Main.storyboard */; };
		26E2AE9E1D624429009DC24F /* Assets.xcassets in Resources */ = {isa = PBXBuildFile; fileRef = 26E2AE9D1D624429009DC24F /* Assets.xcassets */; };
		26E2AEA11D624429009DC24F /* LaunchScreen.storyboard in Resources */ = {isa = PBXBuildFile; fileRef = 26E2AE9F1D624429009DC24F /* LaunchScreen.storyboard */; };
/* End PBXBuildFile section */

/* Begin PBXFileReference section */
		26E2AE931D624429009DC24F /* New Hire Tree.app */ = {isa = PBXFileReference; explicitFileType = wrapper.application; includeInIndex = 0; path = "New Hire Tree.app"; sourceTree = BUILT_PRODUCTS_DIR; };
		26E2AE961D624429009DC24F /* AppDelegate.swift */ = {isa = PBXFileReference; lastKnownFileType = sourcecode.swift; path = AppDelegate.swift; sourceTree = "<group>"; };
		26E2AE981D624429009DC24F /* ViewController.swift */ = {isa = PBXFileReference; lastKnownFileType = sourcecode.swift; path = ViewController.swift; sourceTree = "<group>"; };
		26E2AE9B1D624429009DC24F /* Base */ = {isa = PBXFileReference; lastKnownFileType = file.storyboard; name = Base; path = Base.lproj/Main.storyboard; sourceTree = "<group>"; };
		26E2AE9D1D624429009DC24F /* Assets.xcassets */ = {isa = PBXFileReference; lastKnownFileType = folder.assetcatalog; path = Assets.xcassets; sourceTree = "<group>"; };
		26E2AEA01D624429009DC24F /* Base */ = {isa = PBXFileReference; lastKnownFileType = file.storyboard; name = Base; path = Base.lproj/LaunchScreen.storyboard; sourceTree = "<group>"; };
		26E2AEA21D624429009DC24F /* Info.plist */ = {isa = PBXFileReference; lastKnownFileType = text.plist.xml; path = Info.plist; sourceTree = "<group>"; };
/* End PBXFileReference section */

/* Begin PBXFrameworksBuildPhase section */
		26E2AE901D624429009DC24F /* Frameworks */ = {
			isa = PBXFrameworksBuildPhase;
			buildActionMask = 2147483647;
			files = (
			);
			runOnlyForDeploymentPostprocessing = 0;
		};
/* End PBXFrameworksBuildPhase section */

/* Begin PBXGroup section */
		26E2AE8A1D624429009DC24F = {
			isa = PBXGroup;
			children = (
				26E2AE951D624429009DC24F /* New Hire Tree */,
				26E2AE941D624429009DC24F /* Products */,
			);
			sourceTree = "<group>";
		};
		26E2AE941D624429009DC24F /* Products */ = {
			isa = PBXGroup;
			children = (
				26E2AE931D624429009DC24F /* New Hire Tree.app */,
			);
			name = Products;
			sourceTree = "<group>";
		};
		26E2AE951D624429009DC24F /* New Hire Tree */ = {
			isa = PBXGroup;
			children = (
				26E2AE961D624429009DC24F /* AppDelegate.swift */,
				26E2AE981D624429009DC24F /* ViewController.swift */,
				26E2AE9A1D624429009DC24F /* Main.storyboard */,
				26E2AE9D1D624429009DC24F /* Assets.xcassets */,
				26E2AE9F1D624429009DC24F /* LaunchScreen.storyboard */,
				26E2AEA21D624429009DC24F /* Info.plist */,
			);
			path = "New Hire Tree";
			sourceTree = "<group>";
		};
/* End PBXGroup section */

/* Begin PBXNativeTarget section */
		26E2AE921D624429009DC24F /* New Hire Tree */ = {
			isa = PBXNativeTarget;
			buildConfigurationList = 26E2AEA51D624429009DC24F /* Build configuration list for PBXNativeTarget "New Hire Tree" */;
			buildPhases = (
				26E2AE8F1D624429009DC24F /* Sources */,
				26E2AE901D624429009DC24F /* Frameworks */,
				26E2AE911D624429009DC24F /* Resources */,
			);
			buildRules = (
			);
			dependencies = (
			);
			name = "New Hire Tree";
			productName = "New Hire Tree";
			productReference = 26E2AE931D624429009DC24F /* New Hire Tree.app */;
			productType = "com.apple.product-type.application";
		};
/* End PBXNativeTarget section */

/* Begin PBXProject section */
		26E2AE8B1D624429009DC24F /* Project object */ = {
			isa = PBXProject;
			attributes = {
				LastSwiftUpdateCheck = 0730;
				LastUpgradeCheck = 0730;
				ORGANIZATIONNAME = "Kelly Robinson";
				TargetAttributes = {
					26E2AE921D624429009DC24F = {
						CreatedOnToolsVersion = 7.3.1;
					};
				};
			};
			buildConfigurationList = 26E2AE8E1D624429009DC24F /* Build configuration list for PBXProject "New Hire Tree" */;
			compatibilityVersion = "Xcode 3.2";
			developmentRegion = English;
			hasScannedForEncodings = 0;
			knownRegions = (
				en,
				Base,
			);
			mainGroup = 26E2AE8A1D624429009DC24F;
			productRefGroup = 26E2AE941D624429009DC24F /* Products */;
			projectDirPath = "";
			projectRoot = "";
			targets = (
				26E2AE921D624429009DC24F /* New Hire Tree */,
			);
		};
/* End PBXProject section */

/* Begin PBXResourcesBuildPhase section */
		26E2AE911D624429009DC24F /* Resources */ = {
			isa = PBXResourcesBuildPhase;
			buildActionMask = 2147483647;
			files = (
				26E2AEA11D624429009DC24F /* LaunchScreen.storyboard in Resources */,
				26E2AE9E1D624429009DC24F /* Assets.xcassets in Resources */,
				26E2AE9C1D624429009DC24F /* Main.storyboard in Resources */,
			);
			runOnlyForDeploymentPostprocessing = 0;
		};
/* End PBXResourcesBuildPhase section */

/* Begin PBXSourcesBuildPhase section */
		26E2AE8F1D624429009DC24F /* Sources */ = {
			isa = PBXSourcesBuildPhase;
			buildActionMask = 2147483647;
			files = (
				26E2AE991D624429009DC24F /* ViewController.swift in Sources */,
				26E2AE971D624429009DC24F /* AppDelegate.swift in Sources */,
			);
			runOnlyForDeploymentPostprocessing = 0;
		};
/* End PBXSourcesBuildPhase section */

/* Begin PBXVariantGroup section */
		26E2AE9A1D624429009DC24F /* Main.storyboard */ = {
			isa = PBXVariantGroup;
			children = (
				26E2AE9B1D624429009DC24F /* Base */,
			);
			name = Main.storyboard;
			sourceTree = "<group>";
		};
		26E2AE9F1D624429009DC24F /* LaunchScreen.storyboard */ = {
			isa = PBXVariantGroup;
			children = (
				26E2AEA01D624429009DC24F /* Base */,
			);
			name = LaunchScreen.storyboard;
			sourceTree = "<group>";
		};
/* End PBXVariantGroup section */

/* Begin XCBuildConfiguration section */
		26E2AEA31D624429009DC24F /* Debug */ = {
			isa = XCBuildConfiguration;
			buildSettings = {
				ALWAYS_SEARCH_USER_PATHS = NO;
				CLANG_ANALYZER_NONNULL = YES;
				CLANG_CXX_LANGUAGE_STANDARD = "gnu++0x";
				CLANG_CXX_LIBRARY = "libc++";
				CLANG_ENABLE_MODULES = YES;
				CLANG_ENABLE_OBJC_ARC = YES;
				CLANG_WARN_BOOL_CONVERSION = YES;
				CLANG_WARN_CONSTANT_CONVERSION = YES;
				CLANG_WARN_DIRECT_OBJC_ISA_USAGE = YES_ERROR;
				CLANG_WARN_EMPTY_BODY = YES;
				CLANG_WARN_ENUM_CONVERSION = YES;
				CLANG_WARN_INT_CONVERSION = YES;
				CLANG_WARN_OBJC_ROOT_CLASS = YES_ERROR;
				CLANG_WARN_UNREACHABLE_CODE = YES;
				CLANG_WARN__DUPLICATE_METHOD_MATCH = YES;
				"CODE_SIGN_IDENTITY[sdk=iphoneos*]" = "iPhone Developer";
				COPY_PHASE_STRIP = NO;
				DEBUG_INFORMATION_FORMAT = dwarf;
				ENABLE_STRICT_OBJC_MSGSEND = YES;
				ENABLE_TESTABILITY = YES;
				GCC_C_LANGUAGE_STANDARD = gnu99;
				GCC_DYNAMIC_NO_PIC = NO;
				GCC_NO_COMMON_BLOCKS = YES;
				GCC_OPTIMIZATION_LEVEL = 0;
				GCC_PREPROCESSOR_DEFINITIONS = (
					"DEBUG=1",
					"$(inherited)",
				);
				GCC_WARN_64_TO_32_BIT_CONVERSION = YES;
				GCC_WARN_ABOUT_RETURN_TYPE = YES_ERROR;
				GCC_WARN_UNDECLARED_SELECTOR = YES;
				GCC_WARN_UNINITIALIZED_AUTOS = YES_AGGRESSIVE;
				GCC_WARN_UNUSED_FUNCTION = YES;
				GCC_WARN_UNUSED_VARIABLE = YES;
				IPHONEOS_DEPLOYMENT_TARGET = 9.3;
				MTL_ENABLE_DEBUG_INFO = YES;
				ONLY_ACTIVE_ARCH = YES;
				SDKROOT = iphoneos;
				SWIFT_OPTIMIZATION_LEVEL = "-Onone";
				TARGETED_DEVICE_FAMILY = "1,2";
			};
			name = Debug;
		};
		26E2AEA41D624429009DC24F /* Release */ = {
			isa = XCBuildConfiguration;
			buildSettings = {
				ALWAYS_SEARCH_USER_PATHS = NO;
				CLANG_ANALYZER_NONNULL = YES;
				CLANG_CXX_LANGUAGE_STANDARD = "gnu++0x";
				CLANG_CXX_LIBRARY = "libc++";
				CLANG_ENABLE_MODULES = YES;
				CLANG_ENABLE_OBJC_ARC = YES;
				CLANG_WARN_BOOL_CONVERSION = YES;
				CLANG_WARN_CONSTANT_CONVERSION = YES;
				CLANG_WARN_DIRECT_OBJC_ISA_USAGE = YES_ERROR;
				CLANG_WARN_EMPTY_BODY = YES;
				CLANG_WARN_ENUM_CONVERSION = YES;
				CLANG_WARN_INT_CONVERSION = YES;
				CLANG_WARN_OBJC_ROOT_CLASS = YES_ERROR;
				CLANG_WARN_UNREACHABLE_CODE = YES;
				CLANG_WARN__DUPLICATE_METHOD_MATCH = YES;
				"CODE_SIGN_IDENTITY[sdk=iphoneos*]" = "iPhone Developer";
				COPY_PHASE_STRIP = NO;
				DEBUG_INFORMATION_FORMAT = "dwarf-with-dsym";
				ENABLE_NS_ASSERTIONS = NO;
				ENABLE_STRICT_OBJC_MSGSEND = YES;
				GCC_C_LANGUAGE_STANDARD = gnu99;
				GCC_NO_COMMON_BLOCKS = YES;
				GCC_WARN_64_TO_32_BIT_CONVERSION = YES;
				GCC_WARN_ABOUT_RETURN_TYPE = YES_ERROR;
				GCC_WARN_UNDECLARED_SELECTOR = YES;
				GCC_WARN_UNINITIALIZED_AUTOS = YES_AGGRESSIVE;
				GCC_WARN_UNUSED_FUNCTION = YES;
				GCC_WARN_UNUSED_VARIABLE = YES;
				IPHONEOS_DEPLOYMENT_TARGET = 9.3;
				MTL_ENABLE_DEBUG_INFO = NO;
				SDKROOT = iphoneos;
				TARGETED_DEVICE_FAMILY = "1,2";
				VALIDATE_PRODUCT = YES;
			};
			name = Release;
		};
		26E2AEA61D624429009DC24F /* Debug */ = {
			isa = XCBuildConfiguration;
			buildSettings = {
				ASSETCATALOG_COMPILER_APPICON_NAME = AppIcon;
				INFOPLIST_FILE = "New Hire Tree/Info.plist";
				LD_RUNPATH_SEARCH_PATHS = "$(inherited) @executable_path/Frameworks";
				PRODUCT_BUNDLE_IDENTIFIER = "com.Kelly.New-Hire-Tree";
				PRODUCT_NAME = "$(TARGET_NAME)";
			};
			name = Debug;
		};
		26E2AEA71D624429009DC24F /* Release */ = {
			isa = XCBuildConfiguration;
			buildSettings = {
				ASSETCATALOG_COMPILER_APPICON_NAME = AppIcon;
				INFOPLIST_FILE = "New Hire Tree/Info.plist";
				LD_RUNPATH_SEARCH_PATHS = "$(inherited) @executable_path/Frameworks";
				PRODUCT_BUNDLE_IDENTIFIER = "com.Kelly.New-Hire-Tree";
				PRODUCT_NAME = "$(TARGET_NAME)";
			};
			name = Release;
		};
/* End XCBuildConfiguration section */

/* Begin XCConfigurationList section */
		26E2AE8E1D624429009DC24F /* Build configuration list for PBXProject "New Hire Tree" */ = {
			isa = XCConfigurationList;
			buildConfigurations = (
				26E2AEA31D624429009DC24F /* Debug */,
				26E2AEA41D624429009DC24F /* Release */,
			);
			defaultConfigurationIsVisible = 0;
			defaultConfigurationName = Release;
		};
		26E2AEA51D624429009DC24F /* Build configuration list for PBXNativeTarget "New Hire Tree" */ = {
			isa = XCConfigurationList;
			buildConfigurations = (
				26E2AEA61D624429009DC24F /* Debug */,
				26E2AEA71D624429009DC24F /* Release */,
			);
			defaultConfigurationIsVisible = 0;
		};
/* End XCConfigurationList section */
	};
	rootObject = 26E2AE8B1D624429009DC24F /* Project object */;
}
